
Microsoft Visual Studio Solution File, Format Version 12.00
# Visual Studio Version 16
VisualStudioVersion = 16.0.32106.194
MinimumVisualStudioVersion = 10.0.40219.1
Project("{FAE04EC0-301F-11D3-BF4B-00C04F79EFBC}") = "day4project", "day4project\day4project.csproj", "{2B133D8C-A705-4480-84C6-8C854419A564}"
EndProject
Global
	GlobalSection(SolutionConfigurationPlatforms) = preSolution
		Debug|Any CPU = Debug|Any CPU
		Release|Any CPU = Release|Any CPU
	EndGlobalSection
	GlobalSection(ProjectConfigurationPlatforms) = postSolution
		{2B133D8C-A705-4480-84C6-8C854419A564}.Debug|Any CPU.ActiveCfg = Debug|Any CPU
		{2B133D8C-A705-4480-84C6-8C854419A564}.Debug|Any CPU.Build.0 = Debug|Any CPU
		{2B133D8C-A705-4480-84C6-8C854419A564}.Release|Any CPU.ActiveCfg = Release|Any CPU
		{2B133D8C-A705-4480-84C6-8C854419A564}.Release|Any CPU.Build.0 = Release|Any CPU
	EndGlobalSection
	GlobalSection(SolutionProperties) = preSolution
		HideSolutionNode = FALSE
	EndGlobalSection
	GlobalSection(ExtensibilityGlobals) = postSolution
		SolutionGuid = {08851837-8855-4500-8F9C-EB41E06348FA}
	EndGlobalSection
EndGlobal
